#MicroXplorer Configuration settings - do not modify
ADC1.Channel-3\#ChannelRegularConversion=ADC_CHANNEL_1
ADC1.ClockPrescaler=ADC_CLOCK_ASYNC_DIV16
ADC1.IPParameters=Rank-3\#ChannelRegularConversion,master,Channel-3\#ChannelRegularConversion,SamplingTime-3\#ChannelRegularConversion,OffsetNumber-3\#ChannelRegularConversion,NbrOfConversionFlag,ClockPrescaler
ADC1.NbrOfConversionFlag=1
ADC1.OffsetNumber-3\#ChannelRegularConversion=ADC_OFFSET_NONE
ADC1.Rank-3\#ChannelRegularConversion=1
ADC1.SamplingTime-3\#ChannelRegularConversion=ADC_SAMPLETIME_2CYCLES_5
ADC1.master=1
Dma.Request0=SAI1_A
Dma.RequestsNb=1
Dma.SAI1_A.0.Direction=DMA_PERIPH_TO_MEMORY
Dma.SAI1_A.0.Instance=DMA2_Channel1
Dma.SAI1_A.0.MemDataAlignment=DMA_MDATAALIGN_WORD
Dma.SAI1_A.0.MemInc=DMA_MINC_ENABLE
Dma.SAI1_A.0.Mode=DMA_CIRCULAR
Dma.SAI1_A.0.PeriphDataAlignment=DMA_PDATAALIGN_WORD
Dma.SAI1_A.0.PeriphInc=DMA_PINC_DISABLE
Dma.SAI1_A.0.Priority=DMA_PRIORITY_HIGH
Dma.SAI1_A.0.RequestParameters=Instance,Direction,PeriphInc,MemInc,PeriphDataAlignment,MemDataAlignment,Mode,Priority
FREERTOS.Events01=hI2s_Evt,Dynamic,NULL
FREERTOS.IPParameters=Tasks01,configUSE_NEWLIB_REENTRANT,Events01
FREERTOS.Tasks01=defaultTask,24,128,StartDefaultTask,Default,NULL,Dynamic,NULL,NULL
FREERTOS.configUSE_NEWLIB_REENTRANT=1
File.Version=6
KeepUserPlacement=false
Mcu.Family=STM32L4
Mcu.IP0=ADC1
Mcu.IP1=CRC
Mcu.IP10=USART2
Mcu.IP2=DMA
Mcu.IP3=FATFS
Mcu.IP4=FREERTOS
Mcu.IP5=NVIC
Mcu.IP6=RCC
Mcu.IP7=SAI1
Mcu.IP8=SPI1
Mcu.IP9=SYS
Mcu.IPNb=11
Mcu.Name=STM32L476R(C-E-G)Tx
Mcu.Package=LQFP64
Mcu.Pin0=PC0
Mcu.Pin1=PC3
Mcu.Pin10=PA8
Mcu.Pin11=PB9
Mcu.Pin12=VP_CRC_VS_CRC
Mcu.Pin13=VP_FATFS_VS_Generic
Mcu.Pin14=VP_FREERTOS_VS_CMSIS_V2
Mcu.Pin15=VP_SAI1_VP_$IpInstance_SAIA_SAI_BASIC
Mcu.Pin16=VP_SYS_VS_tim17
Mcu.Pin17=VP_STMicroelectronics.X-CUBE-AI_VS_ArtificialOoIntelligenceJjXAaCUBEAaAI_7.1.0
Mcu.Pin2=PA2
Mcu.Pin3=PA3
Mcu.Pin4=PA4
Mcu.Pin5=PA5
Mcu.Pin6=PA6
Mcu.Pin7=PA7
Mcu.Pin8=PB10
Mcu.Pin9=PC7
Mcu.PinsNb=18
Mcu.ThirdParty0=STMicroelectronics.X-CUBE-AI.7.1.0
Mcu.ThirdPartyNb=1
Mcu.UserConstants=
Mcu.UserName=STM32L476RGTx
MxCube.Version=6.4.0
MxDb.Version=DB.6.0.40
NVIC.BusFault_IRQn=true\:0\:0\:false\:false\:true\:false\:false\:false
NVIC.DMA2_Channel1_IRQn=true\:5\:0\:false\:false\:true\:true\:false\:true
NVIC.DebugMonitor_IRQn=true\:0\:0\:false\:false\:true\:false\:false\:false
NVIC.ForceEnableDMAVector=true
NVIC.HardFault_IRQn=true\:0\:0\:false\:false\:true\:false\:false\:false
NVIC.MemoryManagement_IRQn=true\:0\:0\:false\:false\:true\:false\:false\:false
NVIC.NonMaskableInt_IRQn=true\:0\:0\:false\:false\:true\:false\:false\:false
NVIC.PendSV_IRQn=true\:15\:0\:false\:false\:false\:true\:false\:false
NVIC.PriorityGroup=NVIC_PRIORITYGROUP_4
NVIC.SVCall_IRQn=true\:0\:0\:false\:false\:false\:false\:false\:false
NVIC.SavedPendsvIrqHandlerGenerated=true
NVIC.SavedSvcallIrqHandlerGenerated=true
NVIC.SavedSystickIrqHandlerGenerated=true
NVIC.SysTick_IRQn=true\:15\:0\:false\:false\:false\:true\:true\:true
NVIC.TIM1_TRG_COM_TIM17_IRQn=true\:15\:0\:false\:false\:true\:false\:false\:true
NVIC.TimeBase=TIM1_TRG_COM_TIM17_IRQn
NVIC.TimeBaseIP=TIM17
NVIC.USART2_IRQn=true\:5\:0\:false\:false\:true\:true\:true\:true
NVIC.UsageFault_IRQn=true\:0\:0\:false\:false\:true\:false\:false\:false
PA2.Mode=Asynchronous
PA2.Signal=USART2_TX
PA3.Mode=Asynchronous
PA3.Signal=USART2_RX
PA4.Mode=NSS_Signal_Hard_Output
PA4.Signal=SPI1_NSS
PA5.Mode=Full_Duplex_Master
PA5.Signal=SPI1_SCK
PA6.Mode=Full_Duplex_Master
PA6.Signal=SPI1_MISO
PA7.Mode=Full_Duplex_Master
PA7.Signal=SPI1_MOSI
PA8.GPIOParameters=GPIO_Speed
PA8.GPIO_Speed=GPIO_SPEED_FREQ_HIGH
PA8.Locked=true
PA8.Signal=GPIO_Output
PB10.Mode=SAI_A_Master
PB10.Signal=SAI1_SCK_A
PB9.Mode=SAI_A_Master
PB9.Signal=SAI1_FS_A
PC0.Signal=ADCx_IN1
PC3.Mode=SAI_A_Master
PC3.Signal=SAI1_SD_A
PC7.GPIOParameters=GPIO_Speed
PC7.GPIO_Speed=GPIO_SPEED_FREQ_HIGH
PC7.Locked=true
PC7.Signal=GPIO_Output
PinOutPanel.RotationAngle=0
ProjectManager.AskForMigrate=true
ProjectManager.BackupPrevious=false
ProjectManager.CompilerOptimize=6
ProjectManager.ComputerToolchain=false
ProjectManager.CoupleFile=false
ProjectManager.CustomerFirmwarePackage=
ProjectManager.DefaultFWLocation=true
ProjectManager.DeletePrevious=true
ProjectManager.DeviceId=STM32L476RGTx
ProjectManager.FirmwarePackage=STM32Cube FW_L4 V1.17.1
ProjectManager.FreePins=false
ProjectManager.HalAssertFull=false
ProjectManager.HeapSize=0x800
ProjectManager.KeepUserCode=true
ProjectManager.LastFirmware=true
ProjectManager.LibraryCopy=1
ProjectManager.MainLocation=Core/Src
ProjectManager.NoMain=false
ProjectManager.PreviousToolchain=
ProjectManager.ProjectBuild=false
ProjectManager.ProjectFileName=L4_embedded_CNN_PoC_V-0-1.ioc
ProjectManager.ProjectName=L4_embedded_CNN_PoC_V-0-1
ProjectManager.RegisterCallBack=
ProjectManager.StackSize=0x800
ProjectManager.TargetToolchain=STM32CubeIDE
ProjectManager.ToolChainLocation=
ProjectManager.UnderRoot=true
ProjectManager.functionlistsort=1-MX_GPIO_Init-GPIO-false-HAL-true,2-SystemClock_Config-RCC-false-HAL-false,3-MX_DMA_Init-DMA-false-HAL-true,4-MX_ADC1_Init-ADC1-false-HAL-true,5-MX_SAI1_Init-SAI1-false-HAL-true,6-MX_USART2_UART_Init-USART2-false-HAL-true,7-MX_CRC_Init-CRC-false-HAL-true,8-MX_SPI1_Init-SPI1-false-HAL-true,9-MX_FATFS_Init-FATFS-false-HAL-false
RCC.ADCFreq_Value=64000000
RCC.AHBFreq_Value=80000000
RCC.APB1Freq_Value=80000000
RCC.APB1TimFreq_Value=80000000
RCC.APB2Freq_Value=80000000
RCC.APB2TimFreq_Value=80000000
RCC.CortexFreq_Value=80000000
RCC.DFSDMFreq_Value=80000000
RCC.FCLKCortexFreq_Value=80000000
RCC.FamilyName=M
RCC.HCLKFreq_Value=80000000
RCC.HSE_VALUE=8000000
RCC.HSI_VALUE=16000000
RCC.I2C1Freq_Value=80000000
RCC.I2C2Freq_Value=80000000
RCC.I2C3Freq_Value=80000000
RCC.IPParameters=ADCFreq_Value,AHBFreq_Value,APB1Freq_Value,APB1TimFreq_Value,APB2Freq_Value,APB2TimFreq_Value,CortexFreq_Value,DFSDMFreq_Value,FCLKCortexFreq_Value,FamilyName,HCLKFreq_Value,HSE_VALUE,HSI_VALUE,I2C1Freq_Value,I2C2Freq_Value,I2C3Freq_Value,LPTIM1Freq_Value,LPTIM2Freq_Value,LPUART1Freq_Value,LSCOPinFreq_Value,LSE_VALUE,LSI_VALUE,MCO1PinFreq_Value,MSI_VALUE,PLLN,PLLPoutputFreq_Value,PLLQoutputFreq_Value,PLLRCLKFreq_Value,PLLSAI1PoutputFreq_Value,PLLSAI1QoutputFreq_Value,PLLSAI1RoutputFreq_Value,PLLSAI2PoutputFreq_Value,PLLSAI2RoutputFreq_Value,PLLSourceVirtual,PREFETCH_ENABLE,PWRFreq_Value,RNGFreq_Value,SAI1Freq_Value,SAI2Freq_Value,SDMMCFreq_Value,SWPMI1Freq_Value,SYSCLKFreq_VALUE,SYSCLKSource,UART4Freq_Value,UART5Freq_Value,USART1Freq_Value,USART2Freq_Value,USART3Freq_Value,USBFreq_Value,VCOInputFreq_Value,VCOOutputFreq_Value,VCOSAI1OutputFreq_Value,VCOSAI2OutputFreq_Value
RCC.LPTIM1Freq_Value=80000000
RCC.LPTIM2Freq_Value=80000000
RCC.LPUART1Freq_Value=80000000
RCC.LSCOPinFreq_Value=32000
RCC.LSE_VALUE=32768
RCC.LSI_VALUE=32000
RCC.MCO1PinFreq_Value=80000000
RCC.MSI_VALUE=4000000
RCC.PLLN=10
RCC.PLLPoutputFreq_Value=22857142.85714286
RCC.PLLQoutputFreq_Value=80000000
RCC.PLLRCLKFreq_Value=80000000
RCC.PLLSAI1PoutputFreq_Value=18285714.285714287
RCC.PLLSAI1QoutputFreq_Value=64000000
RCC.PLLSAI1RoutputFreq_Value=64000000
RCC.PLLSAI2PoutputFreq_Value=18285714.285714287
RCC.PLLSAI2RoutputFreq_Value=64000000
RCC.PLLSourceVirtual=RCC_PLLSOURCE_HSI
RCC.PREFETCH_ENABLE=1
RCC.PWRFreq_Value=80000000
RCC.RNGFreq_Value=64000000
RCC.SAI1Freq_Value=18285714.285714287
RCC.SAI2Freq_Value=18285714.285714287
RCC.SDMMCFreq_Value=64000000
RCC.SWPMI1Freq_Value=80000000
RCC.SYSCLKFreq_VALUE=80000000
RCC.SYSCLKSource=RCC_SYSCLKSOURCE_PLLCLK
RCC.UART4Freq_Value=80000000
RCC.UART5Freq_Value=80000000
RCC.USART1Freq_Value=80000000
RCC.USART2Freq_Value=80000000
RCC.USART3Freq_Value=80000000
RCC.USBFreq_Value=64000000
RCC.VCOInputFreq_Value=16000000
RCC.VCOOutputFreq_Value=160000000
RCC.VCOSAI1OutputFreq_Value=128000000
RCC.VCOSAI2OutputFreq_Value=128000000
SAI1.AudioFrequency-SAI_A_Master=SAI_AUDIO_FREQUENCY_48K
SAI1.AudioMode-SAI_A_Master=SAI_MODEMASTER_RX
SAI1.BasicDataSize-SAI_A_Master=SAI_PROTOCOL_DATASIZE_24BIT
SAI1.BasicProtocol-SAI_A_Master=SAI_I2S_STANDARD
SAI1.CompandingMode-SAI_A_Master=SAI_NOCOMPANDING
SAI1.ErrorAudioFreq-SAI_A_Master=48.8 %
SAI1.IPParameters=Instance-SAI_A_Master,VirtualMode-SAI_A_Master,MClockEnable-SAI_A_Master,RealAudioFreq-SAI_A_Master,ErrorAudioFreq-SAI_A_Master,InitProtocol-SAI_A_Master,VirtualProtocol-SAI_A_BASIC,AudioMode-SAI_A_Master,MonoStereoMode-SAI_A_Master,BasicDataSize-SAI_A_Master,AudioFrequency-SAI_A_Master,CompandingMode-SAI_A_Master,BasicProtocol-SAI_A_Master
SAI1.InitProtocol-SAI_A_Master=Enable
SAI1.Instance-SAI_A_Master=SAI$Index_Block_A
SAI1.MClockEnable-SAI_A_Master=SAI_MASTERCLOCK_DISABLE
SAI1.MonoStereoMode-SAI_A_Master=SAI_MONOMODE
SAI1.RealAudioFreq-SAI_A_Master=71.428 KHz
SAI1.VirtualMode-SAI_A_Master=VM_MASTER
SAI1.VirtualProtocol-SAI_A_BASIC=VM_BASIC_PROTOCOL
SH.ADCx_IN1.0=ADC1_IN1,IN1-Single-Ended
SH.ADCx_IN1.ConfNb=1
SPI1.BaudRatePrescaler=SPI_BAUDRATEPRESCALER_16
SPI1.CalculateBaudRate=5.0 MBits/s
SPI1.DataSize=SPI_DATASIZE_8BIT
SPI1.Direction=SPI_DIRECTION_2LINES
SPI1.IPParameters=VirtualType,Mode,Direction,CalculateBaudRate,VirtualNSS,DataSize,BaudRatePrescaler
SPI1.Mode=SPI_MODE_MASTER
SPI1.VirtualNSS=VM_NSSHARD
SPI1.VirtualType=VM_MASTER
STMicroelectronics.X-CUBE-AI.7.1.0.ActivationBufferSizeList=46300
STMicroelectronics.X-CUBE-AI.7.1.0.ActivationBuffers=pool0
STMicroelectronics.X-CUBE-AI.7.1.0.ActivationNames=pool0
STMicroelectronics.X-CUBE-AI.7.1.0.ActivationSizes=AI_NETWORK_DATA_ACTIVATION_1_SIZE
STMicroelectronics.X-CUBE-AI.7.1.0.ArtificialOoIntelligenceJjXAaCUBEAaAI_Checked=true
STMicroelectronics.X-CUBE-AI.7.1.0.HeapSize=0x800
STMicroelectronics.X-CUBE-AI.7.1.0.IPParameters=HeapSize,StackSize,ModelName-8756bf45d95c8d5ad4c280e6ead7ad80c2c09bfcceebf7f6c182002fefabbdc1,ModelType-8756bf45d95c8d5ad4c280e6ead7ad80c2c09bfcceebf7f6c182002fefabbdc1,ModelKind-8756bf45d95c8d5ad4c280e6ead7ad80c2c09bfcceebf7f6c182002fefabbdc1,ModelHashList,ModelNameList,WorkingBufferStartAddrList,LatestDirectoryUsed-8756bf45d95c8d5ad4c280e6ead7ad80c2c09bfcceebf7f6c182002fefabbdc1,ModelStructureFile-8756bf45d95c8d5ad4c280e6ead7ad80c2c09bfcceebf7f6c182002fefabbdc1,ModelMacc-8756bf45d95c8d5ad4c280e6ead7ad80c2c09bfcceebf7f6c182002fefabbdc1,ModelActualCompression-8756bf45d95c8d5ad4c280e6ead7ad80c2c09bfcceebf7f6c182002fefabbdc1,ModelRamOccupation-8756bf45d95c8d5ad4c280e6ead7ad80c2c09bfcceebf7f6c182002fefabbdc1,ModelFlashOccupation-8756bf45d95c8d5ad4c280e6ead7ad80c2c09bfcceebf7f6c182002fefabbdc1,ModelCompression-8756bf45d95c8d5ad4c280e6ead7ad80c2c09bfcceebf7f6c182002fefabbdc1,ActivationBuffers,ActivationSizes,ActivationNames,InternalRamActivationBufferMaxSize,ActivationBufferSizeList,MaximumNumberOfInputLayer,MaximumNumberOfOutputLayer,MaximumSizeOfInputLayer,MaximumSizeOfOutputLayer,ReadyForCodeGeneration,XAaCUBEAaAICcArtificialOoIntelligenceJjCore
STMicroelectronics.X-CUBE-AI.7.1.0.InternalRamActivationBufferMaxSize=AI_NETWORK_DATA_ACTIVATIONS_SIZE
STMicroelectronics.X-CUBE-AI.7.1.0.LatestDirectoryUsed-8756bf45d95c8d5ad4c280e6ead7ad80c2c09bfcceebf7f6c182002fefabbdc1=C\:\\Users\\j.tschavoll\\OneDrive - FH Vorarlberg\\Partnerunternehmen FHV\\FH\\BA\\Code\\Jupyter\\N4CED_V-0-2
STMicroelectronics.X-CUBE-AI.7.1.0.MaximumNumberOfInputLayer=1
STMicroelectronics.X-CUBE-AI.7.1.0.MaximumNumberOfOutputLayer=1
STMicroelectronics.X-CUBE-AI.7.1.0.MaximumSizeOfInputLayer=AI_NETWORK_IN_1_SIZE_BYTES
STMicroelectronics.X-CUBE-AI.7.1.0.MaximumSizeOfOutputLayer=AI_NETWORK_OUT_1_SIZE_BYTES
STMicroelectronics.X-CUBE-AI.7.1.0.ModelActualCompression-8756bf45d95c8d5ad4c280e6ead7ad80c2c09bfcceebf7f6c182002fefabbdc1=2.67
STMicroelectronics.X-CUBE-AI.7.1.0.ModelCompression-8756bf45d95c8d5ad4c280e6ead7ad80c2c09bfcceebf7f6c182002fefabbdc1=4
STMicroelectronics.X-CUBE-AI.7.1.0.ModelFlashOccupation-8756bf45d95c8d5ad4c280e6ead7ad80c2c09bfcceebf7f6c182002fefabbdc1=282460
STMicroelectronics.X-CUBE-AI.7.1.0.ModelHashList=8756bf45d95c8d5ad4c280e6ead7ad80c2c09bfcceebf7f6c182002fefabbdc1
STMicroelectronics.X-CUBE-AI.7.1.0.ModelKind-8756bf45d95c8d5ad4c280e6ead7ad80c2c09bfcceebf7f6c182002fefabbdc1=TFLITE
STMicroelectronics.X-CUBE-AI.7.1.0.ModelMacc-8756bf45d95c8d5ad4c280e6ead7ad80c2c09bfcceebf7f6c182002fefabbdc1=5028040
STMicroelectronics.X-CUBE-AI.7.1.0.ModelName-8756bf45d95c8d5ad4c280e6ead7ad80c2c09bfcceebf7f6c182002fefabbdc1=network
STMicroelectronics.X-CUBE-AI.7.1.0.ModelNameList=network
STMicroelectronics.X-CUBE-AI.7.1.0.ModelRamOccupation-8756bf45d95c8d5ad4c280e6ead7ad80c2c09bfcceebf7f6c182002fefabbdc1=46300
STMicroelectronics.X-CUBE-AI.7.1.0.ModelStructureFile-8756bf45d95c8d5ad4c280e6ead7ad80c2c09bfcceebf7f6c182002fefabbdc1=C\:\\Users\\j.tschavoll\\OneDrive - FH Vorarlberg\\Partnerunternehmen FHV\\FH\\BA\\Code\\Jupyter\\N4CED_V-0-2\\N4CED_V-0-2_lite.tflite
STMicroelectronics.X-CUBE-AI.7.1.0.ModelType-8756bf45d95c8d5ad4c280e6ead7ad80c2c09bfcceebf7f6c182002fefabbdc1=STM32Cube.AI runtime
STMicroelectronics.X-CUBE-AI.7.1.0.ReadyForCodeGeneration=true
STMicroelectronics.X-CUBE-AI.7.1.0.StackSize=0x800
STMicroelectronics.X-CUBE-AI.7.1.0.WorkingBufferStartAddrList=0xFFFFFFFF
STMicroelectronics.X-CUBE-AI.7.1.0.XAaCUBEAaAICcArtificialOoIntelligenceJjCore=true
STMicroelectronics.X-CUBE-AI.7.1.0_SwParameter=XAaCUBEAaAICcArtificialOoIntelligenceJjCore\:true;
USART2.IPParameters=VirtualMode-Asynchronous
USART2.VirtualMode-Asynchronous=VM_ASYNC
VP_CRC_VS_CRC.Mode=CRC_Activate
VP_CRC_VS_CRC.Signal=CRC_VS_CRC
VP_FATFS_VS_Generic.Mode=User_defined
VP_FATFS_VS_Generic.Signal=FATFS_VS_Generic
VP_FREERTOS_VS_CMSIS_V2.Mode=CMSIS_V2
VP_FREERTOS_VS_CMSIS_V2.Signal=FREERTOS_VS_CMSIS_V2
VP_SAI1_VP_$IpInstance_SAIA_SAI_BASIC.Mode=SAI_A_BASIC
VP_SAI1_VP_$IpInstance_SAIA_SAI_BASIC.Signal=SAI1_VP_$IpInstance_SAIA_SAI_BASIC
VP_STMicroelectronics.X-CUBE-AI_VS_ArtificialOoIntelligenceJjXAaCUBEAaAI_7.1.0.Mode=ArtificialOoIntelligenceJjXAaCUBEAaAI
VP_STMicroelectronics.X-CUBE-AI_VS_ArtificialOoIntelligenceJjXAaCUBEAaAI_7.1.0.Signal=STMicroelectronics.X-CUBE-AI_VS_ArtificialOoIntelligenceJjXAaCUBEAaAI_7.1.0
VP_SYS_VS_tim17.Mode=TIM17
VP_SYS_VS_tim17.Signal=SYS_VS_tim17
board=NUCLEO-L476RG
boardIOC=true
isbadioc=false
